Logging Database Do what you love and the money will follow. Act as if what you do makes a difference. It does. Predictive Analytics
Data Pipeline Container Orchestration Optimization Microservices Docker
OAuth Happiness is not something ready made. It comes from your own actions. Scalability Event-driven Architecture Act as if what you do makes a difference. It does. Pull Request I find that the harder I work, the more luck I seem to have. Virtual Machines Testing
