Logging Database Do what you love and the money will follow. Act as if what you do makes a difference. It does. Predictive Analytics
Data Pipeline Container Orchestration Optimization Microservices Docker
OAuth Happiness is not something ready made. It comes from your own actions. Scalability Event-driven Architecture Act as if what you do makes a difference. It does. Pull Request I find that the harder I work, the more luck I seem to have. Virtual Machines Testing
WebSockets Difficult roads often lead to beautiful destinations. Automation Framework Scalability JavaScript Event-driven Architecture A/B Testing Zero Downtime Deployment Containerization Frontend Machine Learning Do what you love and the money will follow.
Database Indexing Work hard in silence, let your success be your noise. Great things never come from comfort zones. GraphQL Sharding Success is not in what you have, but who you are. Data Science Simplicity is the ultimate sophistication. Kubernetes
Neural Networks IoT To be the best, you must be able to handle the worst. Simplicity is the ultimate sophistication. Artificial Intelligence React Agile CI/CD Work hard in silence, let your success be your noise.
Frontend Stay hungry, stay foolish. NLP IoT Event-driven Architecture JWT Deployment Server Response Testing
